
Microsoft Visual Studio Solution File, Format Version 12.00
# Visual Studio Version 16
VisualStudioVersion = 16.0.30621.155
MinimumVisualStudioVersion = 10.0.40219.1
Project("{FAE04EC0-301F-11D3-BF4B-00C04F79EFBC}") = "TodoList", "TodoList\TodoList.csproj", "{3FFBB345-EEDA-4A72-9B51-2CEABAD33466}"
EndProject
Global
	GlobalSection(SolutionConfigurationPlatforms) = preSolution
		Debug|Any CPU = Debug|Any CPU
		Release|Any CPU = Release|Any CPU
	EndGlobalSection
	GlobalSection(ProjectConfigurationPlatforms) = postSolution
		{3FFBB345-EEDA-4A72-9B51-2CEABAD33466}.Debug|Any CPU.ActiveCfg = Debug|Any CPU
		{3FFBB345-EEDA-4A72-9B51-2CEABAD33466}.Debug|Any CPU.Build.0 = Debug|Any CPU
		{3FFBB345-EEDA-4A72-9B51-2CEABAD33466}.Release|Any CPU.ActiveCfg = Release|Any CPU
		{3FFBB345-EEDA-4A72-9B51-2CEABAD33466}.Release|Any CPU.Build.0 = Release|Any CPU
	EndGlobalSection
	GlobalSection(SolutionProperties) = preSolution
		HideSolutionNode = FALSE
	EndGlobalSection
	GlobalSection(ExtensibilityGlobals) = postSolution
		SolutionGuid = {7CB6E233-BD45-4C77-87AC-8C18A299606F}
	EndGlobalSection
EndGlobal
